
Microsoft Visual Studio Solution File, Format Version 12.00
# Visual Studio Version 17
VisualStudioVersion = 17.8.34511.84
MinimumVisualStudioVersion = 10.0.40219.1
Project("{9A19103F-16F7-4668-BE54-9A1E7A4F7556}") = "Middleware", "Middlware\Middleware.csproj", "{C9492D4B-64F8-4CD5-9B7B-EC1267359D78}"
EndProject
Global
	GlobalSection(SolutionConfigurationPlatforms) = preSolution
		Debug|Any CPU = Debug|Any CPU
		Release|Any CPU = Release|Any CPU
	EndGlobalSection
	GlobalSection(ProjectConfigurationPlatforms) = postSolution
		{C9492D4B-64F8-4CD5-9B7B-EC1267359D78}.Debug|Any CPU.ActiveCfg = Debug|Any CPU
		{C9492D4B-64F8-4CD5-9B7B-EC1267359D78}.Debug|Any CPU.Build.0 = Debug|Any CPU
		{C9492D4B-64F8-4CD5-9B7B-EC1267359D78}.Release|Any CPU.ActiveCfg = Release|Any CPU
		{C9492D4B-64F8-4CD5-9B7B-EC1267359D78}.Release|Any CPU.Build.0 = Release|Any CPU
	EndGlobalSection
	GlobalSection(SolutionProperties) = preSolution
		HideSolutionNode = FALSE
	EndGlobalSection
	GlobalSection(ExtensibilityGlobals) = postSolution
		SolutionGuid = {3ACF8391-9854-4748-8F29-10B3AC66430C}
	EndGlobalSection
EndGlobal
